
Microsoft Visual Studio Solution File, Format Version 12.00
# Visual Studio 15
VisualStudioVersion = 15.0.27703.2042
MinimumVisualStudioVersion = 10.0.40219.1
Project("{FAE04EC0-301F-11D3-BF4B-00C04F79EFBC}") = "DoDocker", "DoDocker\DoDocker.csproj", "{C97C9734-2F03-4B56-B17D-B37BDDC44699}"
EndProject
Project("{FAE04EC0-301F-11D3-BF4B-00C04F79EFBC}") = "DoDocker.Tests", "DoDocker.Tests\DoDocker.Tests.csproj", "{7F51CF62-9F17-48BD-8BDB-CC4C9293BE99}"
EndProject
Project("{E53339B2-1760-4266-BCC7-CA923CBCF16C}") = "docker-compose", "docker-compose.dcproj", "{676B5132-09BC-4C9C-9B6B-74895EA0B1C3}"
EndProject
Global
	GlobalSection(SolutionConfigurationPlatforms) = preSolution
		Debug|Any CPU = Debug|Any CPU
		Release|Any CPU = Release|Any CPU
	EndGlobalSection
	GlobalSection(ProjectConfigurationPlatforms) = postSolution
		{C97C9734-2F03-4B56-B17D-B37BDDC44699}.Debug|Any CPU.ActiveCfg = Debug|Any CPU
		{C97C9734-2F03-4B56-B17D-B37BDDC44699}.Debug|Any CPU.Build.0 = Debug|Any CPU
		{C97C9734-2F03-4B56-B17D-B37BDDC44699}.Release|Any CPU.ActiveCfg = Release|Any CPU
		{C97C9734-2F03-4B56-B17D-B37BDDC44699}.Release|Any CPU.Build.0 = Release|Any CPU
		{7F51CF62-9F17-48BD-8BDB-CC4C9293BE99}.Debug|Any CPU.ActiveCfg = Debug|Any CPU
		{7F51CF62-9F17-48BD-8BDB-CC4C9293BE99}.Debug|Any CPU.Build.0 = Debug|Any CPU
		{7F51CF62-9F17-48BD-8BDB-CC4C9293BE99}.Release|Any CPU.ActiveCfg = Release|Any CPU
		{7F51CF62-9F17-48BD-8BDB-CC4C9293BE99}.Release|Any CPU.Build.0 = Release|Any CPU
		{676B5132-09BC-4C9C-9B6B-74895EA0B1C3}.Debug|Any CPU.ActiveCfg = Debug|Any CPU
		{676B5132-09BC-4C9C-9B6B-74895EA0B1C3}.Debug|Any CPU.Build.0 = Debug|Any CPU
		{676B5132-09BC-4C9C-9B6B-74895EA0B1C3}.Release|Any CPU.ActiveCfg = Release|Any CPU
		{676B5132-09BC-4C9C-9B6B-74895EA0B1C3}.Release|Any CPU.Build.0 = Release|Any CPU
	EndGlobalSection
	GlobalSection(SolutionProperties) = preSolution
		HideSolutionNode = FALSE
	EndGlobalSection
	GlobalSection(ExtensibilityGlobals) = postSolution
		SolutionGuid = {BC73C8D3-79E3-4D12-94B6-10727191C316}
	EndGlobalSection
EndGlobal
